
Microsoft Visual Studio Solution File, Format Version 12.00
# Visual Studio Version 18
VisualStudioVersion = 18.4.11612.150 stable
MinimumVisualStudioVersion = 10.0.40219.1
Project("{FAE04EC0-301F-11D3-BF4B-00C04F79EFBC}") = "WinOnTop", "WinOnTop.csproj", "{0B4AA34B-61C0-BDBA-BBB1-BF9B2764EBEE}"
EndProject
Global
	GlobalSection(SolutionConfigurationPlatforms) = preSolution
		Debug|Any CPU = Debug|Any CPU
		Release|Any CPU = Release|Any CPU
	EndGlobalSection
	GlobalSection(ProjectConfigurationPlatforms) = postSolution
		{0B4AA34B-61C0-BDBA-BBB1-BF9B2764EBEE}.Debug|Any CPU.ActiveCfg = Debug|Any CPU
		{0B4AA34B-61C0-BDBA-BBB1-BF9B2764EBEE}.Debug|Any CPU.Build.0 = Debug|Any CPU
		{0B4AA34B-61C0-BDBA-BBB1-BF9B2764EBEE}.Release|Any CPU.ActiveCfg = Release|Any CPU
		{0B4AA34B-61C0-BDBA-BBB1-BF9B2764EBEE}.Release|Any CPU.Build.0 = Release|Any CPU
	EndGlobalSection
	GlobalSection(SolutionProperties) = preSolution
		HideSolutionNode = FALSE
	EndGlobalSection
	GlobalSection(ExtensibilityGlobals) = postSolution
		SolutionGuid = {A2CA3CD6-6E14-4B9A-BECE-43A95376115B}
	EndGlobalSection
EndGlobal
